
Microsoft Visual Studio Solution File, Format Version 12.00
# Visual Studio 2012
Project("{FAE04EC0-301F-11D3-BF4B-00C04F79EFBC}") = "DeliveriesA", "DeliveriesA\DeliveriesA.csproj", "{6BD93F97-9ADC-441F-A905-A703E4139D74}"
EndProject
Project("{FAE04EC0-301F-11D3-BF4B-00C04F79EFBC}") = "DeliveriesA.Droid", "Droid\DeliveriesA.Droid.csproj", "{D63B76D3-423A-4A8D-BAE8-02F92D23DA44}"
EndProject
Project("{FAE04EC0-301F-11D3-BF4B-00C04F79EFBC}") = "DeliveriesA.iOS", "iOS\DeliveriesA.iOS.csproj", "{8DE9356E-208B-4196-9C12-6DA7F5AFC88A}"
EndProject
Global
	GlobalSection(SolutionConfigurationPlatforms) = preSolution
		Debug|Any CPU = Debug|Any CPU
		Release|Any CPU = Release|Any CPU
		Debug|iPhoneSimulator = Debug|iPhoneSimulator
		Release|iPhone = Release|iPhone
		Release|iPhoneSimulator = Release|iPhoneSimulator
		Debug|iPhone = Debug|iPhone
	EndGlobalSection
	GlobalSection(ProjectConfigurationPlatforms) = postSolution
		{6BD93F97-9ADC-441F-A905-A703E4139D74}.Debug|Any CPU.ActiveCfg = Debug|Any CPU
		{6BD93F97-9ADC-441F-A905-A703E4139D74}.Debug|Any CPU.Build.0 = Debug|Any CPU
		{6BD93F97-9ADC-441F-A905-A703E4139D74}.Release|Any CPU.ActiveCfg = Release|Any CPU
		{6BD93F97-9ADC-441F-A905-A703E4139D74}.Release|Any CPU.Build.0 = Release|Any CPU
		{6BD93F97-9ADC-441F-A905-A703E4139D74}.Debug|iPhoneSimulator.ActiveCfg = Debug|Any CPU
		{6BD93F97-9ADC-441F-A905-A703E4139D74}.Debug|iPhoneSimulator.Build.0 = Debug|Any CPU
		{6BD93F97-9ADC-441F-A905-A703E4139D74}.Release|iPhone.ActiveCfg = Release|Any CPU
		{6BD93F97-9ADC-441F-A905-A703E4139D74}.Release|iPhone.Build.0 = Release|Any CPU
		{6BD93F97-9ADC-441F-A905-A703E4139D74}.Release|iPhoneSimulator.ActiveCfg = Release|Any CPU
		{6BD93F97-9ADC-441F-A905-A703E4139D74}.Release|iPhoneSimulator.Build.0 = Release|Any CPU
		{6BD93F97-9ADC-441F-A905-A703E4139D74}.Debug|iPhone.ActiveCfg = Debug|Any CPU
		{6BD93F97-9ADC-441F-A905-A703E4139D74}.Debug|iPhone.Build.0 = Debug|Any CPU
		{D63B76D3-423A-4A8D-BAE8-02F92D23DA44}.Debug|Any CPU.ActiveCfg = Debug|Any CPU
		{D63B76D3-423A-4A8D-BAE8-02F92D23DA44}.Debug|Any CPU.Build.0 = Debug|Any CPU
		{D63B76D3-423A-4A8D-BAE8-02F92D23DA44}.Release|Any CPU.ActiveCfg = Release|Any CPU
		{D63B76D3-423A-4A8D-BAE8-02F92D23DA44}.Release|Any CPU.Build.0 = Release|Any CPU
		{D63B76D3-423A-4A8D-BAE8-02F92D23DA44}.Debug|iPhoneSimulator.ActiveCfg = Debug|Any CPU
		{D63B76D3-423A-4A8D-BAE8-02F92D23DA44}.Debug|iPhoneSimulator.Build.0 = Debug|Any CPU
		{D63B76D3-423A-4A8D-BAE8-02F92D23DA44}.Release|iPhone.ActiveCfg = Release|Any CPU
		{D63B76D3-423A-4A8D-BAE8-02F92D23DA44}.Release|iPhone.Build.0 = Release|Any CPU
		{D63B76D3-423A-4A8D-BAE8-02F92D23DA44}.Release|iPhoneSimulator.ActiveCfg = Release|Any CPU
		{D63B76D3-423A-4A8D-BAE8-02F92D23DA44}.Release|iPhoneSimulator.Build.0 = Release|Any CPU
		{D63B76D3-423A-4A8D-BAE8-02F92D23DA44}.Debug|iPhone.ActiveCfg = Debug|Any CPU
		{D63B76D3-423A-4A8D-BAE8-02F92D23DA44}.Debug|iPhone.Build.0 = Debug|Any CPU
		{8DE9356E-208B-4196-9C12-6DA7F5AFC88A}.Debug|Any CPU.ActiveCfg = Debug|iPhoneSimulator
		{8DE9356E-208B-4196-9C12-6DA7F5AFC88A}.Debug|Any CPU.Build.0 = Debug|iPhoneSimulator
		{8DE9356E-208B-4196-9C12-6DA7F5AFC88A}.Release|Any CPU.ActiveCfg = Release|iPhone
		{8DE9356E-208B-4196-9C12-6DA7F5AFC88A}.Release|Any CPU.Build.0 = Release|iPhone
		{8DE9356E-208B-4196-9C12-6DA7F5AFC88A}.Debug|iPhoneSimulator.ActiveCfg = Debug|iPhoneSimulator
		{8DE9356E-208B-4196-9C12-6DA7F5AFC88A}.Debug|iPhoneSimulator.Build.0 = Debug|iPhoneSimulator
		{8DE9356E-208B-4196-9C12-6DA7F5AFC88A}.Release|iPhone.ActiveCfg = Release|iPhone
		{8DE9356E-208B-4196-9C12-6DA7F5AFC88A}.Release|iPhone.Build.0 = Release|iPhone
		{8DE9356E-208B-4196-9C12-6DA7F5AFC88A}.Release|iPhoneSimulator.ActiveCfg = Release|iPhoneSimulator
		{8DE9356E-208B-4196-9C12-6DA7F5AFC88A}.Release|iPhoneSimulator.Build.0 = Release|iPhoneSimulator
		{8DE9356E-208B-4196-9C12-6DA7F5AFC88A}.Debug|iPhone.ActiveCfg = Debug|iPhone
		{8DE9356E-208B-4196-9C12-6DA7F5AFC88A}.Debug|iPhone.Build.0 = Debug|iPhone
	EndGlobalSection
EndGlobal
